
Microsoft Visual Studio Solution File, Format Version 12.00
# Visual Studio Version 17
VisualStudioVersion = 17.10.35013.160
MinimumVisualStudioVersion = 10.0.40219.1
Project("{FAE04EC0-301F-11D3-BF4B-00C04F79EFBC}") = "ChatClient", "ChatClient\ChatClient.csproj", "{C9222EAD-5B26-4BAD-ACF7-40CB2F8F7367}"
EndProject
Project("{FAE04EC0-301F-11D3-BF4B-00C04F79EFBC}") = "ChatServer", "ChatServer\ChatServer.csproj", "{13D9596E-6856-479D-8110-18B8575F2C83}"
EndProject
Global
	GlobalSection(SolutionConfigurationPlatforms) = preSolution
		Debug|Any CPU = Debug|Any CPU
		Release|Any CPU = Release|Any CPU
	EndGlobalSection
	GlobalSection(ProjectConfigurationPlatforms) = postSolution
		{C9222EAD-5B26-4BAD-ACF7-40CB2F8F7367}.Debug|Any CPU.ActiveCfg = Debug|Any CPU
		{C9222EAD-5B26-4BAD-ACF7-40CB2F8F7367}.Debug|Any CPU.Build.0 = Debug|Any CPU
		{C9222EAD-5B26-4BAD-ACF7-40CB2F8F7367}.Release|Any CPU.ActiveCfg = Release|Any CPU
		{C9222EAD-5B26-4BAD-ACF7-40CB2F8F7367}.Release|Any CPU.Build.0 = Release|Any CPU
		{13D9596E-6856-479D-8110-18B8575F2C83}.Debug|Any CPU.ActiveCfg = Debug|Any CPU
		{13D9596E-6856-479D-8110-18B8575F2C83}.Debug|Any CPU.Build.0 = Debug|Any CPU
		{13D9596E-6856-479D-8110-18B8575F2C83}.Release|Any CPU.ActiveCfg = Release|Any CPU
		{13D9596E-6856-479D-8110-18B8575F2C83}.Release|Any CPU.Build.0 = Release|Any CPU
	EndGlobalSection
	GlobalSection(SolutionProperties) = preSolution
		HideSolutionNode = FALSE
	EndGlobalSection
	GlobalSection(ExtensibilityGlobals) = postSolution
		SolutionGuid = {79E54689-E7B9-456B-BE01-110D73814D2B}
	EndGlobalSection
EndGlobal
